
Microsoft Visual Studio Solution File, Format Version 11.00
# Visual Studio 2010
Project("{FAE04EC0-301F-11D3-BF4B-00C04F79EFBC}") = "Assembly-CSharp-firstpass", "Assembly-CSharp-firstpass.csproj", "{9fb50edf-4305-b705-e657-debc1982a0a9}"
EndProject
Project("{FAE04EC0-301F-11D3-BF4B-00C04F79EFBC}") = "Assembly-CSharp-Editor-firstpass", "Assembly-CSharp-Editor-firstpass.csproj", "{410fc49b-a37b-aae7-321c-c95c8fbb4118}"
EndProject
Global
	GlobalSection(SolutionConfigurationPlatforms) = preSolution
		Debug|Any CPU = Debug|Any CPU
	EndGlobalSection
	GlobalSection(ProjectConfigurationPlatforms) = postSolution
		{9fb50edf-4305-b705-e657-debc1982a0a9}.Debug|Any CPU.ActiveCfg = Debug|Any CPU
		{9fb50edf-4305-b705-e657-debc1982a0a9}.Debug|Any CPU.Build.0 = Debug|Any CPU
		{410fc49b-a37b-aae7-321c-c95c8fbb4118}.Debug|Any CPU.ActiveCfg = Debug|Any CPU
		{410fc49b-a37b-aae7-321c-c95c8fbb4118}.Debug|Any CPU.Build.0 = Debug|Any CPU
	EndGlobalSection
	GlobalSection(SolutionProperties) = preSolution
		HideSolutionNode = FALSE
	EndGlobalSection
EndGlobal
